
Microsoft Visual Studio Solution File, Format Version 12.00
# Visual Studio Version 17
VisualStudioVersion = 17.13.35825.156 d17.13
MinimumVisualStudioVersion = 10.0.40219.1
Project("{FAE04EC0-301F-11D3-BF4B-00C04F79EFBC}") = "Observation_demo", "Observation_demo\Observation_demo.csproj", "{8B813A12-74E2-4258-87D4-6AAC8F0B6C5D}"
EndProject
Global
	GlobalSection(SolutionConfigurationPlatforms) = preSolution
		Debug|Any CPU = Debug|Any CPU
		Release|Any CPU = Release|Any CPU
	EndGlobalSection
	GlobalSection(ProjectConfigurationPlatforms) = postSolution
		{8B813A12-74E2-4258-87D4-6AAC8F0B6C5D}.Debug|Any CPU.ActiveCfg = Debug|Any CPU
		{8B813A12-74E2-4258-87D4-6AAC8F0B6C5D}.Debug|Any CPU.Build.0 = Debug|Any CPU
		{8B813A12-74E2-4258-87D4-6AAC8F0B6C5D}.Release|Any CPU.ActiveCfg = Release|Any CPU
		{8B813A12-74E2-4258-87D4-6AAC8F0B6C5D}.Release|Any CPU.Build.0 = Release|Any CPU
	EndGlobalSection
	GlobalSection(SolutionProperties) = preSolution
		HideSolutionNode = FALSE
	EndGlobalSection
	GlobalSection(ExtensibilityGlobals) = postSolution
		SolutionGuid = {EA431B5C-9E3E-459B-B8E9-BC9A7282E2B3}
	EndGlobalSection
EndGlobal
